// !$*UTF8*$!
{
	archiveVersion = 1;
	classes = {
	};
	objectVersion = 50;
	objects = {

/* Begin PBXBuildFile section */
		860065A585FFBD4F4C1253B3 /* Pods_UIImagePickerControllerExample.framework in Frameworks */ = {isa = PBXBuildFile; fileRef = A02E00A245630BDF460864F1 /* Pods_UIImagePickerControllerExample.framework */; };
		C98E253E222A6BC500DADE8C /* AppDelegate.swift in Sources */ = {isa = PBXBuildFile; fileRef = C98E253D222A6BC500DADE8C /* AppDelegate.swift */; };
		C98E2540222A6BC500DADE8C /* RootViewController.swift in Sources */ = {isa = PBXBuildFile; fileRef = C98E253F222A6BC500DADE8C /* RootViewController.swift */; };
		C98E2542222A6BC600DADE8C /* Assets.xcassets in Resources */ = {isa = PBXBuildFile; fileRef = C98E2541222A6BC600DADE8C /* Assets.xcassets */; };
		C98E2545222A6BC600DADE8C /* LaunchScreen.storyboard in Resources */ = {isa = PBXBuildFile; fileRef = C98E2543222A6BC600DADE8C /* LaunchScreen.storyboard */; };
		C98E254F222A70A700DADE8C /* AlertService.swift in Sources */ = {isa = PBXBuildFile; fileRef = C98E254E222A70A700DADE8C /* AlertService.swift */; };
/* End PBXBuildFile section */

/* Begin PBXFileReference section */
		70DDB2DE4CCD95963CF53641 /* Pods-UIImagePickerControllerExample.release.xcconfig */ = {isa = PBXFileReference; includeInIndex = 1; lastKnownFileType = text.xcconfig; name = "Pods-UIImagePickerControllerExample.release.xcconfig"; path = "Target Support Files/Pods-UIImagePickerControllerExample/Pods-UIImagePickerControllerExample.release.xcconfig"; sourceTree = "<group>"; };
		A02E00A245630BDF460864F1 /* Pods_UIImagePickerControllerExample.framework */ = {isa = PBXFileReference; explicitFileType = wrapper.framework; includeInIndex = 0; path = Pods_UIImagePickerControllerExample.framework; sourceTree = BUILT_PRODUCTS_DIR; };
		C98E253A222A6BC500DADE8C /* UIImagePickerControllerExample.app */ = {isa = PBXFileReference; explicitFileType = wrapper.application; includeInIndex = 0; path = UIImagePickerControllerExample.app; sourceTree = BUILT_PRODUCTS_DIR; };
		C98E253D222A6BC500DADE8C /* AppDelegate.swift */ = {isa = PBXFileReference; lastKnownFileType = sourcecode.swift; path = AppDelegate.swift; sourceTree = "<group>"; };
		C98E253F222A6BC500DADE8C /* RootViewController.swift */ = {isa = PBXFileReference; lastKnownFileType = sourcecode.swift; path = RootViewController.swift; sourceTree = "<group>"; };
		C98E2541222A6BC600DADE8C /* Assets.xcassets */ = {isa = PBXFileReference; lastKnownFileType = folder.assetcatalog; path = Assets.xcassets; sourceTree = "<group>"; };
		C98E2544222A6BC600DADE8C /* Base */ = {isa = PBXFileReference; lastKnownFileType = file.storyboard; name = Base; path = Base.lproj/LaunchScreen.storyboard; sourceTree = "<group>"; };
		C98E2546222A6BC600DADE8C /* Info.plist */ = {isa = PBXFileReference; lastKnownFileType = text.plist.xml; path = Info.plist; sourceTree = "<group>"; };
		C98E254E222A70A700DADE8C /* AlertService.swift */ = {isa = PBXFileReference; lastKnownFileType = sourcecode.swift; path = AlertService.swift; sourceTree = "<group>"; };
		DDECDA2400E2AADD1F87833C /* Pods-UIImagePickerControllerExample.debug.xcconfig */ = {isa = PBXFileReference; includeInIndex = 1; lastKnownFileType = text.xcconfig; name = "Pods-UIImagePickerControllerExample.debug.xcconfig"; path = "Target Support Files/Pods-UIImagePickerControllerExample/Pods-UIImagePickerControllerExample.debug.xcconfig"; sourceTree = "<group>"; };
/* End PBXFileReference section */

/* Begin PBXFrameworksBuildPhase section */
		C98E2537222A6BC500DADE8C /* Frameworks */ = {
			isa = PBXFrameworksBuildPhase;
			buildActionMask = 2147483647;
			files = (
				860065A585FFBD4F4C1253B3 /* Pods_UIImagePickerControllerExample.framework in Frameworks */,
			);
			runOnlyForDeploymentPostprocessing = 0;
		};
/* End PBXFrameworksBuildPhase section */

/* Begin PBXGroup section */
		59DCE0FA66BC49E5F08C8AA3 /* Frameworks */ = {
			isa = PBXGroup;
			children = (
				A02E00A245630BDF460864F1 /* Pods_UIImagePickerControllerExample.framework */,
			);
			name = Frameworks;
			sourceTree = "<group>";
		};
		76412DE9D6763C0846B6B10B /* Pods */ = {
			isa = PBXGroup;
			children = (
				DDECDA2400E2AADD1F87833C /* Pods-UIImagePickerControllerExample.debug.xcconfig */,
				70DDB2DE4CCD95963CF53641 /* Pods-UIImagePickerControllerExample.release.xcconfig */,
			);
			path = Pods;
			sourceTree = "<group>";
		};
		C98E2531222A6BC500DADE8C = {
			isa = PBXGroup;
			children = (
				C98E253C222A6BC500DADE8C /* UIImagePickerControllerExample */,
				C98E253B222A6BC500DADE8C /* Products */,
				76412DE9D6763C0846B6B10B /* Pods */,
				59DCE0FA66BC49E5F08C8AA3 /* Frameworks */,
			);
			sourceTree = "<group>";
		};
		C98E253B222A6BC500DADE8C /* Products */ = {
			isa = PBXGroup;
			children = (
				C98E253A222A6BC500DADE8C /* UIImagePickerControllerExample.app */,
			);
			name = Products;
			sourceTree = "<group>";
		};
		C98E253C222A6BC500DADE8C /* UIImagePickerControllerExample */ = {
			isa = PBXGroup;
			children = (
				C98E253D222A6BC500DADE8C /* AppDelegate.swift */,
				C98E253F222A6BC500DADE8C /* RootViewController.swift */,
				C98E2541222A6BC600DADE8C /* Assets.xcassets */,
				C98E2543222A6BC600DADE8C /* LaunchScreen.storyboard */,
				C98E2546222A6BC600DADE8C /* Info.plist */,
				C98E254E222A70A700DADE8C /* AlertService.swift */,
			);
			path = UIImagePickerControllerExample;
			sourceTree = "<group>";
		};
/* End PBXGroup section */

/* Begin PBXNativeTarget section */
		C98E2539222A6BC500DADE8C /* UIImagePickerControllerExample */ = {
			isa = PBXNativeTarget;
			buildConfigurationList = C98E2549222A6BC600DADE8C /* Build configuration list for PBXNativeTarget "UIImagePickerControllerExample" */;
			buildPhases = (
				9817BC049BE3E2187237C620 /* [CP] Check Pods Manifest.lock */,
				C98E2536222A6BC500DADE8C /* Sources */,
				C98E2537222A6BC500DADE8C /* Frameworks */,
				C98E2538222A6BC500DADE8C /* Resources */,
				BE91235DDA39216D35EF8DC7 /* [CP] Embed Pods Frameworks */,
			);
			buildRules = (
			);
			dependencies = (
			);
			name = UIImagePickerControllerExample;
			productName = UIImagePickerControllerExample;
			productReference = C98E253A222A6BC500DADE8C /* UIImagePickerControllerExample.app */;
			productType = "com.apple.product-type.application";
		};
/* End PBXNativeTarget section */

/* Begin PBXProject section */
		C98E2532222A6BC500DADE8C /* Project object */ = {
			isa = PBXProject;
			attributes = {
				LastSwiftUpdateCheck = 1010;
				LastUpgradeCheck = 1010;
				ORGANIZATIONNAME = "Alex Nagy";
				TargetAttributes = {
					C98E2539222A6BC500DADE8C = {
						CreatedOnToolsVersion = 10.1;
					};
				};
			};
			buildConfigurationList = C98E2535222A6BC500DADE8C /* Build configuration list for PBXProject "UIImagePickerControllerExample" */;
			compatibilityVersion = "Xcode 9.3";
			developmentRegion = en;
			hasScannedForEncodings = 0;
			knownRegions = (
				en,
				Base,
			);
			mainGroup = C98E2531222A6BC500DADE8C;
			productRefGroup = C98E253B222A6BC500DADE8C /* Products */;
			projectDirPath = "";
			projectRoot = "";
			targets = (
				C98E2539222A6BC500DADE8C /* UIImagePickerControllerExample */,
			);
		};
/* End PBXProject section */

/* Begin PBXResourcesBuildPhase section */
		C98E2538222A6BC500DADE8C /* Resources */ = {
			isa = PBXResourcesBuildPhase;
			buildActionMask = 2147483647;
			files = (
				C98E2542222A6BC600DADE8C /* Assets.xcassets in Resources */,
				C98E2545222A6BC600DADE8C /* LaunchScreen.storyboard in Resources */,
			);
			runOnlyForDeploymentPostprocessing = 0;
		};
/* End PBXResourcesBuildPhase section */

/* Begin PBXShellScriptBuildPhase section */
		9817BC049BE3E2187237C620 /* [CP] Check Pods Manifest.lock */ = {
			isa = PBXShellScriptBuildPhase;
			buildActionMask = 2147483647;
			files = (
			);
			inputFileListPaths = (
			);
			inputPaths = (
				"${PODS_PODFILE_DIR_PATH}/Podfile.lock",
				"${PODS_ROOT}/Manifest.lock",
			);
			name = "[CP] Check Pods Manifest.lock";
			outputFileListPaths = (
			);
			outputPaths = (
				"$(DERIVED_FILE_DIR)/Pods-UIImagePickerControllerExample-checkManifestLockResult.txt",
			);
			runOnlyForDeploymentPostprocessing = 0;
			shellPath = /bin/sh;
			shellScript = "diff \"${PODS_PODFILE_DIR_PATH}/Podfile.lock\" \"${PODS_ROOT}/Manifest.lock\" > /dev/null\nif [ $? != 0 ] ; then\n    # print error to STDERR\n    echo \"error: The sandbox is not in sync with the Podfile.lock. Run 'pod install' or update your CocoaPods installation.\" >&2\n    exit 1\nfi\n# This output is used by Xcode 'outputs' to avoid re-running this script phase.\necho \"SUCCESS\" > \"${SCRIPT_OUTPUT_FILE_0}\"\n";
			showEnvVarsInLog = 0;
		};
		BE91235DDA39216D35EF8DC7 /* [CP] Embed Pods Frameworks */ = {
			isa = PBXShellScriptBuildPhase;
			buildActionMask = 2147483647;
			files = (
			);
			inputFileListPaths = (
			);
			inputPaths = (
				"${PODS_ROOT}/Target Support Files/Pods-UIImagePickerControllerExample/Pods-UIImagePickerControllerExample-frameworks.sh",
				"${BUILT_PRODUCTS_DIR}/TinyConstraints/TinyConstraints.framework",
			);
			name = "[CP] Embed Pods Frameworks";
			outputFileListPaths = (
			);
			outputPaths = (
				"${TARGET_BUILD_DIR}/${FRAMEWORKS_FOLDER_PATH}/TinyConstraints.framework",
			);
			runOnlyForDeploymentPostprocessing = 0;
			shellPath = /bin/sh;
			shellScript = "\"${PODS_ROOT}/Target Support Files/Pods-UIImagePickerControllerExample/Pods-UIImagePickerControllerExample-frameworks.sh\"\n";
			showEnvVarsInLog = 0;
		};
/* End PBXShellScriptBuildPhase section */

/* Begin PBXSourcesBuildPhase section */
		C98E2536222A6BC500DADE8C /* Sources */ = {
			isa = PBXSourcesBuildPhase;
			buildActionMask = 2147483647;
			files = (
				C98E2540222A6BC500DADE8C /* RootViewController.swift in Sources */,
				C98E254F222A70A700DADE8C /* AlertService.swift in Sources */,
				C98E253E222A6BC500DADE8C /* AppDelegate.swift in Sources */,
			);
			runOnlyForDeploymentPostprocessing = 0;
		};
/* End PBXSourcesBuildPhase section */

/* Begin PBXVariantGroup section */
		C98E2543222A6BC600DADE8C /* LaunchScreen.storyboard */ = {
			isa = PBXVariantGroup;
			children = (
				C98E2544222A6BC600DADE8C /* Base */,
			);
			name = LaunchScreen.storyboard;
			sourceTree = "<group>";
		};
/* End PBXVariantGroup section */

/* Begin XCBuildConfiguration section */
		C98E2547222A6BC600DADE8C /* Debug */ = {
			isa = XCBuildConfiguration;
			buildSettings = {
				ALWAYS_SEARCH_USER_PATHS = NO;
				CLANG_ANALYZER_NONNULL = YES;
				CLANG_ANALYZER_NUMBER_OBJECT_CONVERSION = YES_AGGRESSIVE;
				CLANG_CXX_LANGUAGE_STANDARD = "gnu++14";
				CLANG_CXX_LIBRARY = "libc++";
				CLANG_ENABLE_MODULES = YES;
				CLANG_ENABLE_OBJC_ARC = YES;
				CLANG_ENABLE_OBJC_WEAK = YES;
				CLANG_WARN_BLOCK_CAPTURE_AUTORELEASING = YES;
				CLANG_WARN_BOOL_CONVERSION = YES;
				CLANG_WARN_COMMA = YES;
				CLANG_WARN_CONSTANT_CONVERSION = YES;
				CLANG_WARN_DEPRECATED_OBJC_IMPLEMENTATIONS = YES;
				CLANG_WARN_DIRECT_OBJC_ISA_USAGE = YES_ERROR;
				CLANG_WARN_DOCUMENTATION_COMMENTS = YES;
				CLANG_WARN_EMPTY_BODY = YES;
				CLANG_WARN_ENUM_CONVERSION = YES;
				CLANG_WARN_INFINITE_RECURSION = YES;
				CLANG_WARN_INT_CONVERSION = YES;
				CLANG_WARN_NON_LITERAL_NULL_CONVERSION = YES;
				CLANG_WARN_OBJC_IMPLICIT_RETAIN_SELF = YES;
				CLANG_WARN_OBJC_LITERAL_CONVERSION = YES;
				CLANG_WARN_OBJC_ROOT_CLASS = YES_ERROR;
				CLANG_WARN_RANGE_LOOP_ANALYSIS = YES;
				CLANG_WARN_STRICT_PROTOTYPES = YES;
				CLANG_WARN_SUSPICIOUS_MOVE = YES;
				CLANG_WARN_UNGUARDED_AVAILABILITY = YES_AGGRESSIVE;
				CLANG_WARN_UNREACHABLE_CODE = YES;
				CLANG_WARN__DUPLICATE_METHOD_MATCH = YES;
				CODE_SIGN_IDENTITY = "iPhone Developer";
				COPY_PHASE_STRIP = NO;
				DEBUG_INFORMATION_FORMAT = dwarf;
				ENABLE_STRICT_OBJC_MSGSEND = YES;
				ENABLE_TESTABILITY = YES;
				GCC_C_LANGUAGE_STANDARD = gnu11;
				GCC_DYNAMIC_NO_PIC = NO;
				GCC_NO_COMMON_BLOCKS = YES;
				GCC_OPTIMIZATION_LEVEL = 0;
				GCC_PREPROCESSOR_DEFINITIONS = (
					"DEBUG=1",
					"$(inherited)",
				);
				GCC_WARN_64_TO_32_BIT_CONVERSION = YES;
				GCC_WARN_ABOUT_RETURN_TYPE = YES_ERROR;
				GCC_WARN_UNDECLARED_SELECTOR = YES;
				GCC_WARN_UNINITIALIZED_AUTOS = YES_AGGRESSIVE;
				GCC_WARN_UNUSED_FUNCTION = YES;
				GCC_WARN_UNUSED_VARIABLE = YES;
				IPHONEOS_DEPLOYMENT_TARGET = 12.1;
				MTL_ENABLE_DEBUG_INFO = INCLUDE_SOURCE;
				MTL_FAST_MATH = YES;
				ONLY_ACTIVE_ARCH = YES;
				SDKROOT = iphoneos;
				SWIFT_ACTIVE_COMPILATION_CONDITIONS = DEBUG;
				SWIFT_OPTIMIZATION_LEVEL = "-Onone";
			};
			name = Debug;
		};
		C98E2548222A6BC600DADE8C /* Release */ = {
			isa = XCBuildConfiguration;
			buildSettings = {
				ALWAYS_SEARCH_USER_PATHS = NO;
				CLANG_ANALYZER_NONNULL = YES;
				CLANG_ANALYZER_NUMBER_OBJECT_CONVERSION = YES_AGGRESSIVE;
				CLANG_CXX_LANGUAGE_STANDARD = "gnu++14";
				CLANG_CXX_LIBRARY = "libc++";
				CLANG_ENABLE_MODULES = YES;
				CLANG_ENABLE_OBJC_ARC = YES;
				CLANG_ENABLE_OBJC_WEAK = YES;
				CLANG_WARN_BLOCK_CAPTURE_AUTORELEASING = YES;
				CLANG_WARN_BOOL_CONVERSION = YES;
				CLANG_WARN_COMMA = YES;
				CLANG_WARN_CONSTANT_CONVERSION = YES;
				CLANG_WARN_DEPRECATED_OBJC_IMPLEMENTATIONS = YES;
				CLANG_WARN_DIRECT_OBJC_ISA_USAGE = YES_ERROR;
				CLANG_WARN_DOCUMENTATION_COMMENTS = YES;
				CLANG_WARN_EMPTY_BODY = YES;
				CLANG_WARN_ENUM_CONVERSION = YES;
				CLANG_WARN_INFINITE_RECURSION = YES;
				CLANG_WARN_INT_CONVERSION = YES;
				CLANG_WARN_NON_LITERAL_NULL_CONVERSION = YES;
				CLANG_WARN_OBJC_IMPLICIT_RETAIN_SELF = YES;
				CLANG_WARN_OBJC_LITERAL_CONVERSION = YES;
				CLANG_WARN_OBJC_ROOT_CLASS = YES_ERROR;
				CLANG_WARN_RANGE_LOOP_ANALYSIS = YES;
				CLANG_WARN_STRICT_PROTOTYPES = YES;
				CLANG_WARN_SUSPICIOUS_MOVE = YES;
				CLANG_WARN_UNGUARDED_AVAILABILITY = YES_AGGRESSIVE;
				CLANG_WARN_UNREACHABLE_CODE = YES;
				CLANG_WARN__DUPLICATE_METHOD_MATCH = YES;
				CODE_SIGN_IDENTITY = "iPhone Developer";
				COPY_PHASE_STRIP = NO;
				DEBUG_INFORMATION_FORMAT = "dwarf-with-dsym";
				ENABLE_NS_ASSERTIONS = NO;
				ENABLE_STRICT_OBJC_MSGSEND = YES;
				GCC_C_LANGUAGE_STANDARD = gnu11;
				GCC_NO_COMMON_BLOCKS = YES;
				GCC_WARN_64_TO_32_BIT_CONVERSION = YES;
				GCC_WARN_ABOUT_RETURN_TYPE = YES_ERROR;
				GCC_WARN_UNDECLARED_SELECTOR = YES;
				GCC_WARN_UNINITIALIZED_AUTOS = YES_AGGRESSIVE;
				GCC_WARN_UNUSED_FUNCTION = YES;
				GCC_WARN_UNUSED_VARIABLE = YES;
				IPHONEOS_DEPLOYMENT_TARGET = 12.1;
				MTL_ENABLE_DEBUG_INFO = NO;
				MTL_FAST_MATH = YES;
				SDKROOT = iphoneos;
				SWIFT_COMPILATION_MODE = wholemodule;
				SWIFT_OPTIMIZATION_LEVEL = "-O";
				VALIDATE_PRODUCT = YES;
			};
			name = Release;
		};
		C98E254A222A6BC600DADE8C /* Debug */ = {
			isa = XCBuildConfiguration;
			baseConfigurationReference = DDECDA2400E2AADD1F87833C /* Pods-UIImagePickerControllerExample.debug.xcconfig */;
			buildSettings = {
				ASSETCATALOG_COMPILER_APPICON_NAME = AppIcon;
				CODE_SIGN_STYLE = Automatic;
				DEVELOPMENT_TEAM = R252PR8AVU;
				INFOPLIST_FILE = UIImagePickerControllerExample/Info.plist;
				LD_RUNPATH_SEARCH_PATHS = (
					"$(inherited)",
					"@executable_path/Frameworks",
				);
				PRODUCT_BUNDLE_IDENTIFIER = com.Rebeloper.UIImagePickerControllerExample;
				PRODUCT_NAME = "$(TARGET_NAME)";
				SWIFT_VERSION = 4.2;
				TARGETED_DEVICE_FAMILY = "1,2";
			};
			name = Debug;
		};
		C98E254B222A6BC600DADE8C /* Release */ = {
			isa = XCBuildConfiguration;
			baseConfigurationReference = 70DDB2DE4CCD95963CF53641 /* Pods-UIImagePickerControllerExample.release.xcconfig */;
			buildSettings = {
				ASSETCATALOG_COMPILER_APPICON_NAME = AppIcon;
				CODE_SIGN_STYLE = Automatic;
				DEVELOPMENT_TEAM = R252PR8AVU;
				INFOPLIST_FILE = UIImagePickerControllerExample/Info.plist;
				LD_RUNPATH_SEARCH_PATHS = (
					"$(inherited)",
					"@executable_path/Frameworks",
				);
				PRODUCT_BUNDLE_IDENTIFIER = com.Rebeloper.UIImagePickerControllerExample;
				PRODUCT_NAME = "$(TARGET_NAME)";
				SWIFT_VERSION = 4.2;
				TARGETED_DEVICE_FAMILY = "1,2";
			};
			name = Release;
		};
/* End XCBuildConfiguration section */

/* Begin XCConfigurationList section */
		C98E2535222A6BC500DADE8C /* Build configuration list for PBXProject "UIImagePickerControllerExample" */ = {
			isa = XCConfigurationList;
			buildConfigurations = (
				C98E2547222A6BC600DADE8C /* Debug */,
				C98E2548222A6BC600DADE8C /* Release */,
			);
			defaultConfigurationIsVisible = 0;
			defaultConfigurationName = Release;
		};
		C98E2549222A6BC600DADE8C /* Build configuration list for PBXNativeTarget "UIImagePickerControllerExample" */ = {
			isa = XCConfigurationList;
			buildConfigurations = (
				C98E254A222A6BC600DADE8C /* Debug */,
				C98E254B222A6BC600DADE8C /* Release */,
			);
			defaultConfigurationIsVisible = 0;
			defaultConfigurationName = Release;
		};
/* End XCConfigurationList section */
	};
	rootObject = C98E2532222A6BC500DADE8C /* Project object */;
}
